
Microsoft Visual Studio Solution File, Format Version 12.00
# Visual Studio Version 16
VisualStudioVersion = 16.0.32407.337
MinimumVisualStudioVersion = 10.0.40219.1
Project("{FAE04EC0-301F-11D3-BF4B-00C04F79EFBC}") = "TY_KCSAPI", "TY_KCSAPI.csproj", "{FCDFF640-6BC2-404C-8885-1163ACAA200A}"
EndProject
Global
	GlobalSection(SolutionConfigurationPlatforms) = preSolution
		Debug|Any CPU = Debug|Any CPU
		Release|Any CPU = Release|Any CPU
	EndGlobalSection
	GlobalSection(ProjectConfigurationPlatforms) = postSolution
		{FCDFF640-6BC2-404C-8885-1163ACAA200A}.Debug|Any CPU.ActiveCfg = Debug|Any CPU
		{FCDFF640-6BC2-404C-8885-1163ACAA200A}.Debug|Any CPU.Build.0 = Debug|Any CPU
		{FCDFF640-6BC2-404C-8885-1163ACAA200A}.Release|Any CPU.ActiveCfg = Release|Any CPU
		{FCDFF640-6BC2-404C-8885-1163ACAA200A}.Release|Any CPU.Build.0 = Release|Any CPU
	EndGlobalSection
	GlobalSection(SolutionProperties) = preSolution
		HideSolutionNode = FALSE
	EndGlobalSection
	GlobalSection(ExtensibilityGlobals) = postSolution
		SolutionGuid = {F398DF61-25F2-424A-BDC1-9488C5BB0491}
	EndGlobalSection
EndGlobal
